
Microsoft Visual Studio Solution File, Format Version 11.00
# Visual Studio 2010
Project("{FAE04EC0-301F-11D3-BF4B-00C04F79EFBC}") = "Core", "src\Core\Core.csproj", "{EC166CCA-E2DE-49E0-9CCC-EBE6AAE548A7}"
EndProject
Project("{FAE04EC0-301F-11D3-BF4B-00C04F79EFBC}") = "NHibernate", "src\NHibernate\NHibernate.csproj", "{309CA85F-743C-4ECF-B21D-7C497556EE9E}"
EndProject
Project("{FAE04EC0-301F-11D3-BF4B-00C04F79EFBC}") = "Web", "src\Web\Web.csproj", "{A4ADC02B-2C38-4065-907E-E1065A946F66}"
EndProject
Global
	GlobalSection(SolutionConfigurationPlatforms) = preSolution
		Debug|Any CPU = Debug|Any CPU
		Release|Any CPU = Release|Any CPU
	EndGlobalSection
	GlobalSection(ProjectConfigurationPlatforms) = postSolution
		{EC166CCA-E2DE-49E0-9CCC-EBE6AAE548A7}.Debug|Any CPU.ActiveCfg = Debug|Any CPU
		{EC166CCA-E2DE-49E0-9CCC-EBE6AAE548A7}.Debug|Any CPU.Build.0 = Debug|Any CPU
		{EC166CCA-E2DE-49E0-9CCC-EBE6AAE548A7}.Release|Any CPU.ActiveCfg = Release|Any CPU
		{EC166CCA-E2DE-49E0-9CCC-EBE6AAE548A7}.Release|Any CPU.Build.0 = Release|Any CPU
		{309CA85F-743C-4ECF-B21D-7C497556EE9E}.Debug|Any CPU.ActiveCfg = Debug|Any CPU
		{309CA85F-743C-4ECF-B21D-7C497556EE9E}.Debug|Any CPU.Build.0 = Debug|Any CPU
		{309CA85F-743C-4ECF-B21D-7C497556EE9E}.Release|Any CPU.ActiveCfg = Release|Any CPU
		{309CA85F-743C-4ECF-B21D-7C497556EE9E}.Release|Any CPU.Build.0 = Release|Any CPU
		{A4ADC02B-2C38-4065-907E-E1065A946F66}.Debug|Any CPU.ActiveCfg = Debug|Any CPU
		{A4ADC02B-2C38-4065-907E-E1065A946F66}.Debug|Any CPU.Build.0 = Debug|Any CPU
		{A4ADC02B-2C38-4065-907E-E1065A946F66}.Release|Any CPU.ActiveCfg = Release|Any CPU
		{A4ADC02B-2C38-4065-907E-E1065A946F66}.Release|Any CPU.Build.0 = Release|Any CPU
	EndGlobalSection
	GlobalSection(SolutionProperties) = preSolution
		HideSolutionNode = FALSE
	EndGlobalSection
EndGlobal
